
Microsoft Visual Studio Solution File, Format Version 12.00
# Visual Studio Version 17
VisualStudioVersion = 17.13.35806.99 d17.13
MinimumVisualStudioVersion = 10.0.40219.1
Project("{FAE04EC0-301F-11D3-BF4B-00C04F79EFBC}") = "NetMutillidae", "NetMutillidae.csproj", "{5EE74D9D-E520-434D-9CE5-AA03AA72A401}"
EndProject
Global
	GlobalSection(SolutionConfigurationPlatforms) = preSolution
		Debug|Any CPU = Debug|Any CPU
		Release|Any CPU = Release|Any CPU
	EndGlobalSection
	GlobalSection(ProjectConfigurationPlatforms) = postSolution
		{5EE74D9D-E520-434D-9CE5-AA03AA72A401}.Debug|Any CPU.ActiveCfg = Debug|Any CPU
		{5EE74D9D-E520-434D-9CE5-AA03AA72A401}.Debug|Any CPU.Build.0 = Debug|Any CPU
		{5EE74D9D-E520-434D-9CE5-AA03AA72A401}.Release|Any CPU.ActiveCfg = Release|Any CPU
		{5EE74D9D-E520-434D-9CE5-AA03AA72A401}.Release|Any CPU.Build.0 = Release|Any CPU
	EndGlobalSection
	GlobalSection(SolutionProperties) = preSolution
		HideSolutionNode = FALSE
	EndGlobalSection
	GlobalSection(ExtensibilityGlobals) = postSolution
		SolutionGuid = {152498C7-7A92-4073-8C9E-A82423F5293A}
	EndGlobalSection
EndGlobal
